// !$*UTF8*$!
{
	archiveVersion = 1;
	classes = {
	};
	objectVersion = 55;
	objects = {

/* Begin PBXBuildFile section */
		B00B02A727BEA44C00A7AA2D /* ButtonType.swift in Sources */ = {isa = PBXBuildFile; fileRef = B00B02A627BEA44C00A7AA2D /* ButtonType.swift */; };
		B00B02A927BEA95C00A7AA2D /* ButtonTextView.swift in Sources */ = {isa = PBXBuildFile; fileRef = B00B02A827BEA95C00A7AA2D /* ButtonTextView.swift */; };
		B034C6A327BBC1A900C69655 /* TitleView.swift in Sources */ = {isa = PBXBuildFile; fileRef = B034C6A227BBC1A900C69655 /* TitleView.swift */; };
		B09CCD7227B7BD0600F278AE /* DisplayView.swift in Sources */ = {isa = PBXBuildFile; fileRef = B09CCD7127B7BD0600F278AE /* DisplayView.swift */; };
		B09CCD7727B7C1C700F278AE /* Museo 700.otf in Resources */ = {isa = PBXBuildFile; fileRef = B09CCD7627B7C1C700F278AE /* Museo 700.otf */; };
		B09CCD7927B7C64000F278AE /* ButtonModel.swift in Sources */ = {isa = PBXBuildFile; fileRef = B09CCD7827B7C64000F278AE /* ButtonModel.swift */; };
		B09CCD7B27B7C94100F278AE /* digitalnumbers-regular.ttf in Resources */ = {isa = PBXBuildFile; fileRef = B09CCD7A27B7C94000F278AE /* digitalnumbers-regular.ttf */; };
		B09CCD7E27B7CC6300F278AE /* ButtonView.swift in Sources */ = {isa = PBXBuildFile; fileRef = B09CCD7D27B7CC6300F278AE /* ButtonView.swift */; };
		B09CCD8127B7CE7200F278AE /* Montserrat-Bold.ttf in Resources */ = {isa = PBXBuildFile; fileRef = B09CCD8027B7CE7200F278AE /* Montserrat-Bold.ttf */; };
		B0CC05D727B65FA800682921 /* CalculatorApp.swift in Sources */ = {isa = PBXBuildFile; fileRef = B0CC05D627B65FA800682921 /* CalculatorApp.swift */; };
		B0CC05D927B65FA800682921 /* ContentView.swift in Sources */ = {isa = PBXBuildFile; fileRef = B0CC05D827B65FA800682921 /* ContentView.swift */; };
		B0CC05DB27B65FA800682921 /* Assets.xcassets in Resources */ = {isa = PBXBuildFile; fileRef = B0CC05DA27B65FA800682921 /* Assets.xcassets */; };
		B0CC05DE27B65FA800682921 /* Preview Assets.xcassets in Resources */ = {isa = PBXBuildFile; fileRef = B0CC05DD27B65FA800682921 /* Preview Assets.xcassets */; };
/* End PBXBuildFile section */

/* Begin PBXFileReference section */
		B00B02A627BEA44C00A7AA2D /* ButtonType.swift */ = {isa = PBXFileReference; lastKnownFileType = sourcecode.swift; path = ButtonType.swift; sourceTree = "<group>"; };
		B00B02A827BEA95C00A7AA2D /* ButtonTextView.swift */ = {isa = PBXFileReference; lastKnownFileType = sourcecode.swift; path = ButtonTextView.swift; sourceTree = "<group>"; };
		B034C6A227BBC1A900C69655 /* TitleView.swift */ = {isa = PBXFileReference; lastKnownFileType = sourcecode.swift; path = TitleView.swift; sourceTree = "<group>"; };
		B09CCD7127B7BD0600F278AE /* DisplayView.swift */ = {isa = PBXFileReference; lastKnownFileType = sourcecode.swift; path = DisplayView.swift; sourceTree = "<group>"; };
		B09CCD7527B7C04F00F278AE /* Info.plist */ = {isa = PBXFileReference; lastKnownFileType = text.plist; path = Info.plist; sourceTree = "<group>"; };
		B09CCD7627B7C1C700F278AE /* Museo 700.otf */ = {isa = PBXFileReference; lastKnownFileType = file; path = "Museo 700.otf"; sourceTree = "<group>"; };
		B09CCD7827B7C64000F278AE /* ButtonModel.swift */ = {isa = PBXFileReference; lastKnownFileType = sourcecode.swift; path = ButtonModel.swift; sourceTree = "<group>"; };
		B09CCD7A27B7C94000F278AE /* digitalnumbers-regular.ttf */ = {isa = PBXFileReference; lastKnownFileType = file; path = "digitalnumbers-regular.ttf"; sourceTree = "<group>"; };
		B09CCD7D27B7CC6300F278AE /* ButtonView.swift */ = {isa = PBXFileReference; lastKnownFileType = sourcecode.swift; path = ButtonView.swift; sourceTree = "<group>"; };
		B09CCD8027B7CE7200F278AE /* Montserrat-Bold.ttf */ = {isa = PBXFileReference; lastKnownFileType = file; path = "Montserrat-Bold.ttf"; sourceTree = "<group>"; };
		B0CC05D327B65FA800682921 /* Calculator.app */ = {isa = PBXFileReference; explicitFileType = wrapper.application; includeInIndex = 0; path = Calculator.app; sourceTree = BUILT_PRODUCTS_DIR; };
		B0CC05D627B65FA800682921 /* CalculatorApp.swift */ = {isa = PBXFileReference; lastKnownFileType = sourcecode.swift; path = CalculatorApp.swift; sourceTree = "<group>"; };
		B0CC05D827B65FA800682921 /* ContentView.swift */ = {isa = PBXFileReference; lastKnownFileType = sourcecode.swift; path = ContentView.swift; sourceTree = "<group>"; };
		B0CC05DA27B65FA800682921 /* Assets.xcassets */ = {isa = PBXFileReference; lastKnownFileType = folder.assetcatalog; path = Assets.xcassets; sourceTree = "<group>"; };
		B0CC05DD27B65FA800682921 /* Preview Assets.xcassets */ = {isa = PBXFileReference; lastKnownFileType = folder.assetcatalog; path = "Preview Assets.xcassets"; sourceTree = "<group>"; };
		B0CC05E427B6600700682921 /* README.md */ = {isa = PBXFileReference; lastKnownFileType = net.daringfireball.markdown; path = README.md; sourceTree = "<group>"; };
/* End PBXFileReference section */

/* Begin PBXFrameworksBuildPhase section */
		B0CC05D027B65FA800682921 /* Frameworks */ = {
			isa = PBXFrameworksBuildPhase;
			buildActionMask = 2147483647;
			files = (
			);
			runOnlyForDeploymentPostprocessing = 0;
		};
/* End PBXFrameworksBuildPhase section */

/* Begin PBXGroup section */
		B00B02A527BEA40E00A7AA2D /* Button */ = {
			isa = PBXGroup;
			children = (
				B00B02A627BEA44C00A7AA2D /* ButtonType.swift */,
				B00B02A827BEA95C00A7AA2D /* ButtonTextView.swift */,
			);
			path = Button;
			sourceTree = "<group>";
		};
		B09CCD7C27B7C94500F278AE /* FontPackages */ = {
			isa = PBXGroup;
			children = (
				B09CCD7627B7C1C700F278AE /* Museo 700.otf */,
				B09CCD8027B7CE7200F278AE /* Montserrat-Bold.ttf */,
				B09CCD7A27B7C94000F278AE /* digitalnumbers-regular.ttf */,
			);
			path = FontPackages;
			sourceTree = "<group>";
		};
		B09CCD7F27B7CC6800F278AE /* Views */ = {
			isa = PBXGroup;
			children = (
				B0CC05D827B65FA800682921 /* ContentView.swift */,
				B034C6A227BBC1A900C69655 /* TitleView.swift */,
				B09CCD7D27B7CC6300F278AE /* ButtonView.swift */,
				B09CCD7127B7BD0600F278AE /* DisplayView.swift */,
			);
			path = Views;
			sourceTree = "<group>";
		};
		B0CC05CA27B65FA800682921 = {
			isa = PBXGroup;
			children = (
				B0CC05E427B6600700682921 /* README.md */,
				B0CC05D527B65FA800682921 /* Calculator */,
				B0CC05D427B65FA800682921 /* Products */,
			);
			sourceTree = "<group>";
		};
		B0CC05D427B65FA800682921 /* Products */ = {
			isa = PBXGroup;
			children = (
				B0CC05D327B65FA800682921 /* Calculator.app */,
			);
			name = Products;
			sourceTree = "<group>";
		};
		B0CC05D527B65FA800682921 /* Calculator */ = {
			isa = PBXGroup;
			children = (
				B09CCD7527B7C04F00F278AE /* Info.plist */,
				B0CC05D627B65FA800682921 /* CalculatorApp.swift */,
				B09CCD7F27B7CC6800F278AE /* Views */,
				B0D73B2527BD744D0022D673 /* Model */,
				B00B02A527BEA40E00A7AA2D /* Button */,
				B09CCD7C27B7C94500F278AE /* FontPackages */,
				B0CC05DA27B65FA800682921 /* Assets.xcassets */,
				B0CC05DC27B65FA800682921 /* Preview Content */,
			);
			path = Calculator;
			sourceTree = "<group>";
		};
		B0CC05DC27B65FA800682921 /* Preview Content */ = {
			isa = PBXGroup;
			children = (
				B0CC05DD27B65FA800682921 /* Preview Assets.xcassets */,
			);
			path = "Preview Content";
			sourceTree = "<group>";
		};
		B0D73B2527BD744D0022D673 /* Model */ = {
			isa = PBXGroup;
			children = (
				B09CCD7827B7C64000F278AE /* ButtonModel.swift */,
			);
			path = Model;
			sourceTree = "<group>";
		};
/* End PBXGroup section */

/* Begin PBXNativeTarget section */
		B0CC05D227B65FA800682921 /* Calculator */ = {
			isa = PBXNativeTarget;
			buildConfigurationList = B0CC05E127B65FA800682921 /* Build configuration list for PBXNativeTarget "Calculator" */;
			buildPhases = (
				B0CC05CF27B65FA800682921 /* Sources */,
				B0CC05D027B65FA800682921 /* Frameworks */,
				B0CC05D127B65FA800682921 /* Resources */,
			);
			buildRules = (
			);
			dependencies = (
			);
			name = Calculator;
			productName = Calculator;
			productReference = B0CC05D327B65FA800682921 /* Calculator.app */;
			productType = "com.apple.product-type.application";
		};
/* End PBXNativeTarget section */

/* Begin PBXProject section */
		B0CC05CB27B65FA800682921 /* Project object */ = {
			isa = PBXProject;
			attributes = {
				BuildIndependentTargetsInParallel = 1;
				LastSwiftUpdateCheck = 1320;
				LastUpgradeCheck = 1320;
				TargetAttributes = {
					B0CC05D227B65FA800682921 = {
						CreatedOnToolsVersion = 13.2.1;
					};
				};
			};
			buildConfigurationList = B0CC05CE27B65FA800682921 /* Build configuration list for PBXProject "Calculator" */;
			compatibilityVersion = "Xcode 13.0";
			developmentRegion = en;
			hasScannedForEncodings = 0;
			knownRegions = (
				en,
				Base,
			);
			mainGroup = B0CC05CA27B65FA800682921;
			productRefGroup = B0CC05D427B65FA800682921 /* Products */;
			projectDirPath = "";
			projectRoot = "";
			targets = (
				B0CC05D227B65FA800682921 /* Calculator */,
			);
		};
/* End PBXProject section */

/* Begin PBXResourcesBuildPhase section */
		B0CC05D127B65FA800682921 /* Resources */ = {
			isa = PBXResourcesBuildPhase;
			buildActionMask = 2147483647;
			files = (
				B09CCD8127B7CE7200F278AE /* Montserrat-Bold.ttf in Resources */,
				B09CCD7727B7C1C700F278AE /* Museo 700.otf in Resources */,
				B0CC05DE27B65FA800682921 /* Preview Assets.xcassets in Resources */,
				B0CC05DB27B65FA800682921 /* Assets.xcassets in Resources */,
				B09CCD7B27B7C94100F278AE /* digitalnumbers-regular.ttf in Resources */,
			);
			runOnlyForDeploymentPostprocessing = 0;
		};
/* End PBXResourcesBuildPhase section */

/* Begin PBXSourcesBuildPhase section */
		B0CC05CF27B65FA800682921 /* Sources */ = {
			isa = PBXSourcesBuildPhase;
			buildActionMask = 2147483647;
			files = (
				B0CC05D927B65FA800682921 /* ContentView.swift in Sources */,
				B00B02A727BEA44C00A7AA2D /* ButtonType.swift in Sources */,
				B09CCD7927B7C64000F278AE /* ButtonModel.swift in Sources */,
				B00B02A927BEA95C00A7AA2D /* ButtonTextView.swift in Sources */,
				B09CCD7E27B7CC6300F278AE /* ButtonView.swift in Sources */,
				B0CC05D727B65FA800682921 /* CalculatorApp.swift in Sources */,
				B09CCD7227B7BD0600F278AE /* DisplayView.swift in Sources */,
				B034C6A327BBC1A900C69655 /* TitleView.swift in Sources */,
			);
			runOnlyForDeploymentPostprocessing = 0;
		};
/* End PBXSourcesBuildPhase section */

/* Begin XCBuildConfiguration section */
		B0CC05DF27B65FA800682921 /* Debug */ = {
			isa = XCBuildConfiguration;
			buildSettings = {
				ALWAYS_SEARCH_USER_PATHS = NO;
				CLANG_ANALYZER_NONNULL = YES;
				CLANG_ANALYZER_NUMBER_OBJECT_CONVERSION = YES_AGGRESSIVE;
				CLANG_CXX_LANGUAGE_STANDARD = "gnu++17";
				CLANG_CXX_LIBRARY = "libc++";
				CLANG_ENABLE_MODULES = YES;
				CLANG_ENABLE_OBJC_ARC = YES;
				CLANG_ENABLE_OBJC_WEAK = YES;
				CLANG_WARN_BLOCK_CAPTURE_AUTORELEASING = YES;
				CLANG_WARN_BOOL_CONVERSION = YES;
				CLANG_WARN_COMMA = YES;
				CLANG_WARN_CONSTANT_CONVERSION = YES;
				CLANG_WARN_DEPRECATED_OBJC_IMPLEMENTATIONS = YES;
				CLANG_WARN_DIRECT_OBJC_ISA_USAGE = YES_ERROR;
				CLANG_WARN_DOCUMENTATION_COMMENTS = YES;
				CLANG_WARN_EMPTY_BODY = YES;
				CLANG_WARN_ENUM_CONVERSION = YES;
				CLANG_WARN_INFINITE_RECURSION = YES;
				CLANG_WARN_INT_CONVERSION = YES;
				CLANG_WARN_NON_LITERAL_NULL_CONVERSION = YES;
				CLANG_WARN_OBJC_IMPLICIT_RETAIN_SELF = YES;
				CLANG_WARN_OBJC_LITERAL_CONVERSION = YES;
				CLANG_WARN_OBJC_ROOT_CLASS = YES_ERROR;
				CLANG_WARN_QUOTED_INCLUDE_IN_FRAMEWORK_HEADER = YES;
				CLANG_WARN_RANGE_LOOP_ANALYSIS = YES;
				CLANG_WARN_STRICT_PROTOTYPES = YES;
				CLANG_WARN_SUSPICIOUS_MOVE = YES;
				CLANG_WARN_UNGUARDED_AVAILABILITY = YES_AGGRESSIVE;
				CLANG_WARN_UNREACHABLE_CODE = YES;
				CLANG_WARN__DUPLICATE_METHOD_MATCH = YES;
				COPY_PHASE_STRIP = NO;
				DEBUG_INFORMATION_FORMAT = dwarf;
				ENABLE_STRICT_OBJC_MSGSEND = YES;
				ENABLE_TESTABILITY = YES;
				GCC_C_LANGUAGE_STANDARD = gnu11;
				GCC_DYNAMIC_NO_PIC = NO;
				GCC_NO_COMMON_BLOCKS = YES;
				GCC_OPTIMIZATION_LEVEL = 0;
				GCC_PREPROCESSOR_DEFINITIONS = (
					"DEBUG=1",
					"$(inherited)",
				);
				GCC_WARN_64_TO_32_BIT_CONVERSION = YES;
				GCC_WARN_ABOUT_RETURN_TYPE = YES_ERROR;
				GCC_WARN_UNDECLARED_SELECTOR = YES;
				GCC_WARN_UNINITIALIZED_AUTOS = YES_AGGRESSIVE;
				GCC_WARN_UNUSED_FUNCTION = YES;
				GCC_WARN_UNUSED_VARIABLE = YES;
				IPHONEOS_DEPLOYMENT_TARGET = 15.2;
				MTL_ENABLE_DEBUG_INFO = INCLUDE_SOURCE;
				MTL_FAST_MATH = YES;
				ONLY_ACTIVE_ARCH = YES;
				SDKROOT = iphoneos;
				SWIFT_ACTIVE_COMPILATION_CONDITIONS = DEBUG;
				SWIFT_OPTIMIZATION_LEVEL = "-Onone";
			};
			name = Debug;
		};
		B0CC05E027B65FA800682921 /* Release */ = {
			isa = XCBuildConfiguration;
			buildSettings = {
				ALWAYS_SEARCH_USER_PATHS = NO;
				CLANG_ANALYZER_NONNULL = YES;
				CLANG_ANALYZER_NUMBER_OBJECT_CONVERSION = YES_AGGRESSIVE;
				CLANG_CXX_LANGUAGE_STANDARD = "gnu++17";
				CLANG_CXX_LIBRARY = "libc++";
				CLANG_ENABLE_MODULES = YES;
				CLANG_ENABLE_OBJC_ARC = YES;
				CLANG_ENABLE_OBJC_WEAK = YES;
				CLANG_WARN_BLOCK_CAPTURE_AUTORELEASING = YES;
				CLANG_WARN_BOOL_CONVERSION = YES;
				CLANG_WARN_COMMA = YES;
				CLANG_WARN_CONSTANT_CONVERSION = YES;
				CLANG_WARN_DEPRECATED_OBJC_IMPLEMENTATIONS = YES;
				CLANG_WARN_DIRECT_OBJC_ISA_USAGE = YES_ERROR;
				CLANG_WARN_DOCUMENTATION_COMMENTS = YES;
				CLANG_WARN_EMPTY_BODY = YES;
				CLANG_WARN_ENUM_CONVERSION = YES;
				CLANG_WARN_INFINITE_RECURSION = YES;
				CLANG_WARN_INT_CONVERSION = YES;
				CLANG_WARN_NON_LITERAL_NULL_CONVERSION = YES;
				CLANG_WARN_OBJC_IMPLICIT_RETAIN_SELF = YES;
				CLANG_WARN_OBJC_LITERAL_CONVERSION = YES;
				CLANG_WARN_OBJC_ROOT_CLASS = YES_ERROR;
				CLANG_WARN_QUOTED_INCLUDE_IN_FRAMEWORK_HEADER = YES;
				CLANG_WARN_RANGE_LOOP_ANALYSIS = YES;
				CLANG_WARN_STRICT_PROTOTYPES = YES;
				CLANG_WARN_SUSPICIOUS_MOVE = YES;
				CLANG_WARN_UNGUARDED_AVAILABILITY = YES_AGGRESSIVE;
				CLANG_WARN_UNREACHABLE_CODE = YES;
				CLANG_WARN__DUPLICATE_METHOD_MATCH = YES;
				COPY_PHASE_STRIP = NO;
				DEBUG_INFORMATION_FORMAT = "dwarf-with-dsym";
				ENABLE_NS_ASSERTIONS = NO;
				ENABLE_STRICT_OBJC_MSGSEND = YES;
				GCC_C_LANGUAGE_STANDARD = gnu11;
				GCC_NO_COMMON_BLOCKS = YES;
				GCC_WARN_64_TO_32_BIT_CONVERSION = YES;
				GCC_WARN_ABOUT_RETURN_TYPE = YES_ERROR;
				GCC_WARN_UNDECLARED_SELECTOR = YES;
				GCC_WARN_UNINITIALIZED_AUTOS = YES_AGGRESSIVE;
				GCC_WARN_UNUSED_FUNCTION = YES;
				GCC_WARN_UNUSED_VARIABLE = YES;
				IPHONEOS_DEPLOYMENT_TARGET = 15.2;
				MTL_ENABLE_DEBUG_INFO = NO;
				MTL_FAST_MATH = YES;
				SDKROOT = iphoneos;
				SWIFT_COMPILATION_MODE = wholemodule;
				SWIFT_OPTIMIZATION_LEVEL = "-O";
				VALIDATE_PRODUCT = YES;
			};
			name = Release;
		};
		B0CC05E227B65FA800682921 /* Debug */ = {
			isa = XCBuildConfiguration;
			buildSettings = {
				ASSETCATALOG_COMPILER_APPICON_NAME = AppIcon;
				ASSETCATALOG_COMPILER_GLOBAL_ACCENT_COLOR_NAME = AccentColor;
				CODE_SIGN_STYLE = Automatic;
				CURRENT_PROJECT_VERSION = 1;
				DEVELOPMENT_ASSET_PATHS = "\"Calculator/Preview Content\"";
				DEVELOPMENT_TEAM = F4UY8YURNN;
				ENABLE_PREVIEWS = YES;
				GENERATE_INFOPLIST_FILE = YES;
				INFOPLIST_FILE = Calculator/Info.plist;
				INFOPLIST_KEY_UIApplicationSceneManifest_Generation = YES;
				INFOPLIST_KEY_UIApplicationSupportsIndirectInputEvents = YES;
				INFOPLIST_KEY_UILaunchScreen_Generation = YES;
				INFOPLIST_KEY_UISupportedInterfaceOrientations_iPad = "UIInterfaceOrientationPortrait UIInterfaceOrientationPortraitUpsideDown UIInterfaceOrientationLandscapeLeft UIInterfaceOrientationLandscapeRight";
				INFOPLIST_KEY_UISupportedInterfaceOrientations_iPhone = "UIInterfaceOrientationPortrait UIInterfaceOrientationLandscapeLeft UIInterfaceOrientationLandscapeRight";
				LD_RUNPATH_SEARCH_PATHS = (
					"$(inherited)",
					"@executable_path/Frameworks",
				);
				MARKETING_VERSION = 1.0;
				PRODUCT_BUNDLE_IDENTIFIER = com.StevenWijaya.Calculator;
				PRODUCT_NAME = "$(TARGET_NAME)";
				SWIFT_EMIT_LOC_STRINGS = YES;
				SWIFT_VERSION = 5.0;
				TARGETED_DEVICE_FAMILY = "1,2";
			};
			name = Debug;
		};
		B0CC05E327B65FA800682921 /* Release */ = {
			isa = XCBuildConfiguration;
			buildSettings = {
				ASSETCATALOG_COMPILER_APPICON_NAME = AppIcon;
				ASSETCATALOG_COMPILER_GLOBAL_ACCENT_COLOR_NAME = AccentColor;
				CODE_SIGN_STYLE = Automatic;
				CURRENT_PROJECT_VERSION = 1;
				DEVELOPMENT_ASSET_PATHS = "\"Calculator/Preview Content\"";
				DEVELOPMENT_TEAM = F4UY8YURNN;
				ENABLE_PREVIEWS = YES;
				GENERATE_INFOPLIST_FILE = YES;
				INFOPLIST_FILE = Calculator/Info.plist;
				INFOPLIST_KEY_UIApplicationSceneManifest_Generation = YES;
				INFOPLIST_KEY_UIApplicationSupportsIndirectInputEvents = YES;
				INFOPLIST_KEY_UILaunchScreen_Generation = YES;
				INFOPLIST_KEY_UISupportedInterfaceOrientations_iPad = "UIInterfaceOrientationPortrait UIInterfaceOrientationPortraitUpsideDown UIInterfaceOrientationLandscapeLeft UIInterfaceOrientationLandscapeRight";
				INFOPLIST_KEY_UISupportedInterfaceOrientations_iPhone = "UIInterfaceOrientationPortrait UIInterfaceOrientationLandscapeLeft UIInterfaceOrientationLandscapeRight";
				LD_RUNPATH_SEARCH_PATHS = (
					"$(inherited)",
					"@executable_path/Frameworks",
				);
				MARKETING_VERSION = 1.0;
				PRODUCT_BUNDLE_IDENTIFIER = com.StevenWijaya.Calculator;
				PRODUCT_NAME = "$(TARGET_NAME)";
				SWIFT_EMIT_LOC_STRINGS = YES;
				SWIFT_VERSION = 5.0;
				TARGETED_DEVICE_FAMILY = "1,2";
			};
			name = Release;
		};
/* End XCBuildConfiguration section */

/* Begin XCConfigurationList section */
		B0CC05CE27B65FA800682921 /* Build configuration list for PBXProject "Calculator" */ = {
			isa = XCConfigurationList;
			buildConfigurations = (
				B0CC05DF27B65FA800682921 /* Debug */,
				B0CC05E027B65FA800682921 /* Release */,
			);
			defaultConfigurationIsVisible = 0;
			defaultConfigurationName = Release;
		};
		B0CC05E127B65FA800682921 /* Build configuration list for PBXNativeTarget "Calculator" */ = {
			isa = XCConfigurationList;
			buildConfigurations = (
				B0CC05E227B65FA800682921 /* Debug */,
				B0CC05E327B65FA800682921 /* Release */,
			);
			defaultConfigurationIsVisible = 0;
			defaultConfigurationName = Release;
		};
/* End XCConfigurationList section */
	};
	rootObject = B0CC05CB27B65FA800682921 /* Project object */;
}
